
Microsoft Visual Studio Solution File, Format Version 12.00
# Visual Studio Version 16
VisualStudioVersion = 16.0.30611.23
MinimumVisualStudioVersion = 10.0.40219.1
Project("{FAE04EC0-301F-11D3-BF4B-00C04F79EFBC}") = "ExtensionMethods", "ExtensionMethods\ExtensionMethods.csproj", "{FF67507B-8976-437F-8333-7C8944D23382}"
EndProject
Global
	GlobalSection(SolutionConfigurationPlatforms) = preSolution
		Debug|Any CPU = Debug|Any CPU
		Release|Any CPU = Release|Any CPU
	EndGlobalSection
	GlobalSection(ProjectConfigurationPlatforms) = postSolution
		{FF67507B-8976-437F-8333-7C8944D23382}.Debug|Any CPU.ActiveCfg = Debug|Any CPU
		{FF67507B-8976-437F-8333-7C8944D23382}.Debug|Any CPU.Build.0 = Debug|Any CPU
		{FF67507B-8976-437F-8333-7C8944D23382}.Release|Any CPU.ActiveCfg = Release|Any CPU
		{FF67507B-8976-437F-8333-7C8944D23382}.Release|Any CPU.Build.0 = Release|Any CPU
	EndGlobalSection
	GlobalSection(SolutionProperties) = preSolution
		HideSolutionNode = FALSE
	EndGlobalSection
	GlobalSection(ExtensibilityGlobals) = postSolution
		SolutionGuid = {370C6200-1849-4E52-8E9A-4269F1968EC3}
	EndGlobalSection
EndGlobal
